
Microsoft Visual Studio Solution File, Format Version 12.00
# Visual Studio Version 17
VisualStudioVersion = 17.7.34024.191
MinimumVisualStudioVersion = 10.0.40219.1
Project("{FAE04EC0-301F-11D3-BF4B-00C04F79EFBC}") = "Labirinto", "Labirinto.csproj", "{C6276F3D-54ED-4002-A8A1-93C56B0ED41D}"
EndProject
Global
	GlobalSection(SolutionConfigurationPlatforms) = preSolution
		Debug|Any CPU = Debug|Any CPU
		Release|Any CPU = Release|Any CPU
	EndGlobalSection
	GlobalSection(ProjectConfigurationPlatforms) = postSolution
		{C6276F3D-54ED-4002-A8A1-93C56B0ED41D}.Debug|Any CPU.ActiveCfg = Debug|Any CPU
		{C6276F3D-54ED-4002-A8A1-93C56B0ED41D}.Debug|Any CPU.Build.0 = Debug|Any CPU
		{C6276F3D-54ED-4002-A8A1-93C56B0ED41D}.Release|Any CPU.ActiveCfg = Release|Any CPU
		{C6276F3D-54ED-4002-A8A1-93C56B0ED41D}.Release|Any CPU.Build.0 = Release|Any CPU
	EndGlobalSection
	GlobalSection(SolutionProperties) = preSolution
		HideSolutionNode = FALSE
	EndGlobalSection
	GlobalSection(ExtensibilityGlobals) = postSolution
		SolutionGuid = {EACBE23B-E98A-4861-A38B-F3491435408C}
	EndGlobalSection
EndGlobal
